{
    "_meta": {
        "hash": {
            "sha256": "5e2d49d8e1b2b29fb74b57abf5a4747cecced81ffda8b60fea4d7637f923365e"
        },
        "host-environment-markers": {
            "implementation_name": "cpython",
            "implementation_version": "3.5.2",
            "os_name": "posix",
            "platform_machine": "x86_64",
            "platform_python_implementation": "CPython",
            "platform_release": "4.10.0-38-generic",
            "platform_system": "Linux",
            "platform_version": "#42~16.04.1-Ubuntu SMP Tue Oct 10 16:32:20 UTC 2017",
            "python_full_version": "3.5.2",
            "python_version": "3.5",
            "sys_platform": "linux"
        },
        "pipfile-spec": 6,
        "requires": {
            "python_version": "3.5"
        },
        "sources": [
            {
                "name": "pypi",
                "url": "https://pypi.org/simple",
                "verify_ssl": true
            }
        ]
    },
    "default": {
        "backcall": {
            "hashes": [],
            "version": "==0.1.0"
        },
        "decorator": {
            "hashes": [],
            "version": "==4.3.0"
        },
        "ipykernel": {
            "hashes": [],
            "version": "==4.8.2"
        },
        "ipython": {
            "hashes": [],
            "version": "==6.5.0"
        },
        "ipython-genutils": {
            "hashes": [],
            "version": "==0.2.0"
        },
        "jedi": {
            "hashes": [],
            "version": "==0.12.1"
        },
        "jupyter-client": {
            "hashes": [],
            "version": "==5.2.3"
        },
        "jupyter-core": {
            "hashes": [],
            "version": "==4.4.0"
        },
        "numpy": {
            "hashes": [],
            "version": "==1.15.0"
        },
        "parso": {
            "hashes": [],
            "version": "==0.3.1"
        },
        "pexpect": {
            "hashes": [],
            "markers": "sys_platform != 'win32'",
            "version": "==4.6.0"
        },
        "pickleshare": {
            "hashes": [],
            "version": "==0.7.4"
        },
        "prompt-toolkit": {
            "hashes": [],
            "version": "==1.0.15"
        },
        "ptyprocess": {
            "hashes": [],
            "version": "==0.6.0"
        },
        "pygments": {
            "hashes": [],
            "version": "==2.2.0"
        },
        "python-dateutil": {
            "hashes": [],
            "version": "==2.7.3"
        },
        "pyzmq": {
            "hashes": [],
            "version": "==17.1.2"
        },
        "scikit-learn": {
            "hashes": [],
            "version": "==0.19.2"
        },
        "scipy": {
            "hashes": [],
            "version": "==1.1.0"
        },
        "simplegeneric": {
            "hashes": [],
            "version": "==0.8.1"
        },
        "six": {
            "hashes": [],
            "version": "==1.11.0"
        },
        "sklearn": {
            "hashes": [],
            "version": "==0.0"
        },
        "tornado": {
            "hashes": [],
            "version": "==5.1"
        },
        "traitlets": {
            "hashes": [],
            "version": "==4.3.2"
        },
        "wcwidth": {
            "hashes": [],
            "version": "==0.1.7"
        }
    },
    "develop": {}
}
